
Microsoft Visual Studio Solution File, Format Version 12.00
# Visual Studio Version 16
VisualStudioVersion = 16.0.30804.86
MinimumVisualStudioVersion = 10.0.40219.1
Project("{FAE04EC0-301F-11D3-BF4B-00C04F79EFBC}") = "LiveScoreSystemWebAPI", "LiveScoreSystemWebAPI\LiveScoreSystemWebAPI.csproj", "{A6897C81-F40B-434D-857F-FA997F31377D}"
EndProject
Global
	GlobalSection(SolutionConfigurationPlatforms) = preSolution
		Debug|Any CPU = Debug|Any CPU
		Release|Any CPU = Release|Any CPU
	EndGlobalSection
	GlobalSection(ProjectConfigurationPlatforms) = postSolution
		{A6897C81-F40B-434D-857F-FA997F31377D}.Debug|Any CPU.ActiveCfg = Debug|Any CPU
		{A6897C81-F40B-434D-857F-FA997F31377D}.Debug|Any CPU.Build.0 = Debug|Any CPU
		{A6897C81-F40B-434D-857F-FA997F31377D}.Release|Any CPU.ActiveCfg = Release|Any CPU
		{A6897C81-F40B-434D-857F-FA997F31377D}.Release|Any CPU.Build.0 = Release|Any CPU
	EndGlobalSection
	GlobalSection(SolutionProperties) = preSolution
		HideSolutionNode = FALSE
	EndGlobalSection
	GlobalSection(ExtensibilityGlobals) = postSolution
		SolutionGuid = {25F3AAAC-F242-4144-B17E-D8A38E6F7AAC}
	EndGlobalSection
EndGlobal
